github.com/stellarvector/theme v1.0.7 h1:2QgBA0A031B58Kgjl/q3essjHlLdcDT7o77rcRovrO4=
github.com/stellarvector/theme v1.0.7/go.mod h1:Mb4BsJKgf5WbiKJvfpNGE7Ycww4Uo+98U2R+sSM+wmI=
github.com/stellarvector/theme v1.1.1 h1:mw7u4+A4W8LRbzfey8/QZ3vDiImaZYxrflsmhMPeir0=
github.com/stellarvector/theme v1.1.1/go.mod h1:jW+/n9FHug4TYx0vm9i82VlDYgDT3sX/hJmB7sdUjss=
