github.com/stellarvector/theme v0.0.0-20260519220001-ab1e25db2af5 h1:+9MnQBegVoK7VChWqsPo3GdbI0RZNPkMF/d4tUNnqqQ=
github.com/stellarvector/theme v0.0.0-20260519220001-ab1e25db2af5/go.mod h1:Mb4BsJKgf5WbiKJvfpNGE7Ycww4Uo+98U2R+sSM+wmI=
github.com/stellarvector/theme v0.0.0-20260523214520-d9febe8b03c7 h1:8mbhotn90c3zNxfy+KRyfmeDMeiqCNi/DSD3vnrWFEQ=
github.com/stellarvector/theme v0.0.0-20260523214520-d9febe8b03c7/go.mod h1:Mb4BsJKgf5WbiKJvfpNGE7Ycww4Uo+98U2R+sSM+wmI=
